// !$*UTF8*$!
{
	archiveVersion = 1;
	classes = {
	};
	objectVersion = 46;
	objects = {

/* Begin PBXBuildFile section */
		E94C8ACC1AB44BEC00603DFB /* main.m in Sources */ = {isa = PBXBuildFile; fileRef = E94C8ACB1AB44BEC00603DFB /* main.m */; };
		E94C8ACF1AB44BEC00603DFB /* AppDelegate.m in Sources */ = {isa = PBXBuildFile; fileRef = E94C8ACE1AB44BEC00603DFB /* AppDelegate.m */; };
		E94C8AD21AB44BEC00603DFB /* ViewController.m in Sources */ = {isa = PBXBuildFile; fileRef = E94C8AD11AB44BEC00603DFB /* ViewController.m */; };
		E94C8AD51AB44BEC00603DFB /* Main.storyboard in Resources */ = {isa = PBXBuildFile; fileRef = E94C8AD31AB44BEC00603DFB /* Main.storyboard */; };
		E94C8AD71AB44BEC00603DFB /* Images.xcassets in Resources */ = {isa = PBXBuildFile; fileRef = E94C8AD61AB44BEC00603DFB /* Images.xcassets */; };
		E94C8ADA1AB44BEC00603DFB /* LaunchScreen.xib in Resources */ = {isa = PBXBuildFile; fileRef = E94C8AD81AB44BEC00603DFB /* LaunchScreen.xib */; };
		E94C8AE61AB44BEC00603DFB /* FiveTigerTests.m in Sources */ = {isa = PBXBuildFile; fileRef = E94C8AE51AB44BEC00603DFB /* FiveTigerTests.m */; };
/* End PBXBuildFile section */

/* Begin PBXContainerItemProxy section */
		E94C8AE01AB44BEC00603DFB /* PBXContainerItemProxy */ = {
			isa = PBXContainerItemProxy;
			containerPortal = E94C8ABE1AB44BEC00603DFB /* Project object */;
			proxyType = 1;
			remoteGlobalIDString = E94C8AC51AB44BEC00603DFB;
			remoteInfo = FiveTiger;
		};
/* End PBXContainerItemProxy section */

/* Begin PBXFileReference section */
		E94C8AC61AB44BEC00603DFB /* FiveTiger.app */ = {isa = PBXFileReference; explicitFileType = wrapper.application; includeInIndex = 0; path = FiveTiger.app; sourceTree = BUILT_PRODUCTS_DIR; };
		E94C8ACA1AB44BEC00603DFB /* Info.plist */ = {isa = PBXFileReference; lastKnownFileType = text.plist.xml; path = Info.plist; sourceTree = "<group>"; };
		E94C8ACB1AB44BEC00603DFB /* main.m */ = {isa = PBXFileReference; lastKnownFileType = sourcecode.c.objc; path = main.m; sourceTree = "<group>"; };
		E94C8ACD1AB44BEC00603DFB /* AppDelegate.h */ = {isa = PBXFileReference; lastKnownFileType = sourcecode.c.h; path = AppDelegate.h; sourceTree = "<group>"; };
		E94C8ACE1AB44BEC00603DFB /* AppDelegate.m */ = {isa = PBXFileReference; lastKnownFileType = sourcecode.c.objc; path = AppDelegate.m; sourceTree = "<group>"; };
		E94C8AD01AB44BEC00603DFB /* ViewController.h */ = {isa = PBXFileReference; lastKnownFileType = sourcecode.c.h; path = ViewController.h; sourceTree = "<group>"; };
		E94C8AD11AB44BEC00603DFB /* ViewController.m */ = {isa = PBXFileReference; lastKnownFileType = sourcecode.c.objc; path = ViewController.m; sourceTree = "<group>"; };
		E94C8AD41AB44BEC00603DFB /* Base */ = {isa = PBXFileReference; lastKnownFileType = file.storyboard; name = Base; path = Base.lproj/Main.storyboard; sourceTree = "<group>"; };
		E94C8AD61AB44BEC00603DFB /* Images.xcassets */ = {isa = PBXFileReference; lastKnownFileType = folder.assetcatalog; path = Images.xcassets; sourceTree = "<group>"; };
		E94C8AD91AB44BEC00603DFB /* Base */ = {isa = PBXFileReference; lastKnownFileType = file.xib; name = Base; path = Base.lproj/LaunchScreen.xib; sourceTree = "<group>"; };
		E94C8ADF1AB44BEC00603DFB /* FiveTigerTests.xctest */ = {isa = PBXFileReference; explicitFileType = wrapper.cfbundle; includeInIndex = 0; path = FiveTigerTests.xctest; sourceTree = BUILT_PRODUCTS_DIR; };
		E94C8AE41AB44BEC00603DFB /* Info.plist */ = {isa = PBXFileReference; lastKnownFileType = text.plist.xml; path = Info.plist; sourceTree = "<group>"; };
		E94C8AE51AB44BEC00603DFB /* FiveTigerTests.m */ = {isa = PBXFileReference; lastKnownFileType = sourcecode.c.objc; path = FiveTigerTests.m; sourceTree = "<group>"; };
/* End PBXFileReference section */

/* Begin PBXFrameworksBuildPhase section */
		E94C8AC31AB44BEC00603DFB /* Frameworks */ = {
			isa = PBXFrameworksBuildPhase;
			buildActionMask = 2147483647;
			files = (
			);
			runOnlyForDeploymentPostprocessing = 0;
		};
		E94C8ADC1AB44BEC00603DFB /* Frameworks */ = {
			isa = PBXFrameworksBuildPhase;
			buildActionMask = 2147483647;
			files = (
			);
			runOnlyForDeploymentPostprocessing = 0;
		};
/* End PBXFrameworksBuildPhase section */

/* Begin PBXGroup section */
		E94C8ABD1AB44BEC00603DFB = {
			isa = PBXGroup;
			children = (
				E94C8AC81AB44BEC00603DFB /* FiveTiger */,
				E94C8AE21AB44BEC00603DFB /* FiveTigerTests */,
				E94C8AC71AB44BEC00603DFB /* Products */,
			);
			sourceTree = "<group>";
		};
		E94C8AC71AB44BEC00603DFB /* Products */ = {
			isa = PBXGroup;
			children = (
				E94C8AC61AB44BEC00603DFB /* FiveTiger.app */,
				E94C8ADF1AB44BEC00603DFB /* FiveTigerTests.xctest */,
			);
			name = Products;
			sourceTree = "<group>";
		};
		E94C8AC81AB44BEC00603DFB /* FiveTiger */ = {
			isa = PBXGroup;
			children = (
				E94C8ACD1AB44BEC00603DFB /* AppDelegate.h */,
				E94C8ACE1AB44BEC00603DFB /* AppDelegate.m */,
				E94C8AD01AB44BEC00603DFB /* ViewController.h */,
				E94C8AD11AB44BEC00603DFB /* ViewController.m */,
				E94C8AD31AB44BEC00603DFB /* Main.storyboard */,
				E94C8AD61AB44BEC00603DFB /* Images.xcassets */,
				E94C8AD81AB44BEC00603DFB /* LaunchScreen.xib */,
				E94C8AC91AB44BEC00603DFB /* Supporting Files */,
			);
			path = FiveTiger;
			sourceTree = "<group>";
		};
		E94C8AC91AB44BEC00603DFB /* Supporting Files */ = {
			isa = PBXGroup;
			children = (
				E94C8ACA1AB44BEC00603DFB /* Info.plist */,
				E94C8ACB1AB44BEC00603DFB /* main.m */,
			);
			name = "Supporting Files";
			sourceTree = "<group>";
		};
		E94C8AE21AB44BEC00603DFB /* FiveTigerTests */ = {
			isa = PBXGroup;
			children = (
				E94C8AE51AB44BEC00603DFB /* FiveTigerTests.m */,
				E94C8AE31AB44BEC00603DFB /* Supporting Files */,
			);
			path = FiveTigerTests;
			sourceTree = "<group>";
		};
		E94C8AE31AB44BEC00603DFB /* Supporting Files */ = {
			isa = PBXGroup;
			children = (
				E94C8AE41AB44BEC00603DFB /* Info.plist */,
			);
			name = "Supporting Files";
			sourceTree = "<group>";
		};
/* End PBXGroup section */

/* Begin PBXNativeTarget section */
		E94C8AC51AB44BEC00603DFB /* FiveTiger */ = {
			isa = PBXNativeTarget;
			buildConfigurationList = E94C8AE91AB44BEC00603DFB /* Build configuration list for PBXNativeTarget "FiveTiger" */;
			buildPhases = (
				E94C8AC21AB44BEC00603DFB /* Sources */,
				E94C8AC31AB44BEC00603DFB /* Frameworks */,
				E94C8AC41AB44BEC00603DFB /* Resources */,
			);
			buildRules = (
			);
			dependencies = (
			);
			name = FiveTiger;
			productName = FiveTiger;
			productReference = E94C8AC61AB44BEC00603DFB /* FiveTiger.app */;
			productType = "com.apple.product-type.application";
		};
		E94C8ADE1AB44BEC00603DFB /* FiveTigerTests */ = {
			isa = PBXNativeTarget;
			buildConfigurationList = E94C8AEC1AB44BEC00603DFB /* Build configuration list for PBXNativeTarget "FiveTigerTests" */;
			buildPhases = (
				E94C8ADB1AB44BEC00603DFB /* Sources */,
				E94C8ADC1AB44BEC00603DFB /* Frameworks */,
				E94C8ADD1AB44BEC00603DFB /* Resources */,
			);
			buildRules = (
			);
			dependencies = (
				E94C8AE11AB44BEC00603DFB /* PBXTargetDependency */,
			);
			name = FiveTigerTests;
			productName = FiveTigerTests;
			productReference = E94C8ADF1AB44BEC00603DFB /* FiveTigerTests.xctest */;
			productType = "com.apple.product-type.bundle.unit-test";
		};
/* End PBXNativeTarget section */

/* Begin PBXProject section */
		E94C8ABE1AB44BEC00603DFB /* Project object */ = {
			isa = PBXProject;
			attributes = {
				LastUpgradeCheck = 0610;
				ORGANIZATIONNAME = Netiger;
				TargetAttributes = {
					E94C8AC51AB44BEC00603DFB = {
						CreatedOnToolsVersion = 6.1.1;
					};
					E94C8ADE1AB44BEC00603DFB = {
						CreatedOnToolsVersion = 6.1.1;
						TestTargetID = E94C8AC51AB44BEC00603DFB;
					};
				};
			};
			buildConfigurationList = E94C8AC11AB44BEC00603DFB /* Build configuration list for PBXProject "FiveTiger" */;
			compatibilityVersion = "Xcode 3.2";
			developmentRegion = English;
			hasScannedForEncodings = 0;
			knownRegions = (
				en,
				Base,
			);
			mainGroup = E94C8ABD1AB44BEC00603DFB;
			productRefGroup = E94C8AC71AB44BEC00603DFB /* Products */;
			projectDirPath = "";
			projectRoot = "";
			targets = (
				E94C8AC51AB44BEC00603DFB /* FiveTiger */,
				E94C8ADE1AB44BEC00603DFB /* FiveTigerTests */,
			);
		};
/* End PBXProject section */

/* Begin PBXResourcesBuildPhase section */
		E94C8AC41AB44BEC00603DFB /* Resources */ = {
			isa = PBXResourcesBuildPhase;
			buildActionMask = 2147483647;
			files = (
				E94C8AD51AB44BEC00603DFB /* Main.storyboard in Resources */,
				E94C8ADA1AB44BEC00603DFB /* LaunchScreen.xib in Resources */,
				E94C8AD71AB44BEC00603DFB /* Images.xcassets in Resources */,
			);
			runOnlyForDeploymentPostprocessing = 0;
		};
		E94C8ADD1AB44BEC00603DFB /* Resources */ = {
			isa = PBXResourcesBuildPhase;
			buildActionMask = 2147483647;
			files = (
			);
			runOnlyForDeploymentPostprocessing = 0;
		};
/* End PBXResourcesBuildPhase section */

/* Begin PBXSourcesBuildPhase section */
		E94C8AC21AB44BEC00603DFB /* Sources */ = {
			isa = PBXSourcesBuildPhase;
			buildActionMask = 2147483647;
			files = (
				E94C8AD21AB44BEC00603DFB /* ViewController.m in Sources */,
				E94C8ACF1AB44BEC00603DFB /* AppDelegate.m in Sources */,
				E94C8ACC1AB44BEC00603DFB /* main.m in Sources */,
			);
			runOnlyForDeploymentPostprocessing = 0;
		};
		E94C8ADB1AB44BEC00603DFB /* Sources */ = {
			isa = PBXSourcesBuildPhase;
			buildActionMask = 2147483647;
			files = (
				E94C8AE61AB44BEC00603DFB /* FiveTigerTests.m in Sources */,
			);
			runOnlyForDeploymentPostprocessing = 0;
		};
/* End PBXSourcesBuildPhase section */

/* Begin PBXTargetDependency section */
		E94C8AE11AB44BEC00603DFB /* PBXTargetDependency */ = {
			isa = PBXTargetDependency;
			target = E94C8AC51AB44BEC00603DFB /* FiveTiger */;
			targetProxy = E94C8AE01AB44BEC00603DFB /* PBXContainerItemProxy */;
		};
/* End PBXTargetDependency section */

/* Begin PBXVariantGroup section */
		E94C8AD31AB44BEC00603DFB /* Main.storyboard */ = {
			isa = PBXVariantGroup;
			children = (
				E94C8AD41AB44BEC00603DFB /* Base */,
			);
			name = Main.storyboard;
			sourceTree = "<group>";
		};
		E94C8AD81AB44BEC00603DFB /* LaunchScreen.xib */ = {
			isa = PBXVariantGroup;
			children = (
				E94C8AD91AB44BEC00603DFB /* Base */,
			);
			name = LaunchScreen.xib;
			sourceTree = "<group>";
		};
/* End PBXVariantGroup section */

/* Begin XCBuildConfiguration section */
		E94C8AE71AB44BEC00603DFB /* Debug */ = {
			isa = XCBuildConfiguration;
			buildSettings = {
				ALWAYS_SEARCH_USER_PATHS = NO;
				CLANG_CXX_LANGUAGE_STANDARD = "gnu++0x";
				CLANG_CXX_LIBRARY = "libc++";
				CLANG_ENABLE_MODULES = YES;
				CLANG_ENABLE_OBJC_ARC = YES;
				CLANG_WARN_BOOL_CONVERSION = YES;
				CLANG_WARN_CONSTANT_CONVERSION = YES;
				CLANG_WARN_DIRECT_OBJC_ISA_USAGE = YES_ERROR;
				CLANG_WARN_EMPTY_BODY = YES;
				CLANG_WARN_ENUM_CONVERSION = YES;
				CLANG_WARN_INT_CONVERSION = YES;
				CLANG_WARN_OBJC_ROOT_CLASS = YES_ERROR;
				CLANG_WARN_UNREACHABLE_CODE = YES;
				CLANG_WARN__DUPLICATE_METHOD_MATCH = YES;
				"CODE_SIGN_IDENTITY[sdk=iphoneos*]" = "iPhone Developer";
				COPY_PHASE_STRIP = NO;
				ENABLE_STRICT_OBJC_MSGSEND = YES;
				GCC_C_LANGUAGE_STANDARD = gnu99;
				GCC_DYNAMIC_NO_PIC = NO;
				GCC_OPTIMIZATION_LEVEL = 0;
				GCC_PREPROCESSOR_DEFINITIONS = (
					"DEBUG=1",
					"$(inherited)",
				);
				GCC_SYMBOLS_PRIVATE_EXTERN = NO;
				GCC_WARN_64_TO_32_BIT_CONVERSION = YES;
				GCC_WARN_ABOUT_RETURN_TYPE = YES_ERROR;
				GCC_WARN_UNDECLARED_SELECTOR = YES;
				GCC_WARN_UNINITIALIZED_AUTOS = YES_AGGRESSIVE;
				GCC_WARN_UNUSED_FUNCTION = YES;
				GCC_WARN_UNUSED_VARIABLE = YES;
				IPHONEOS_DEPLOYMENT_TARGET = 8.1;
				MTL_ENABLE_DEBUG_INFO = YES;
				ONLY_ACTIVE_ARCH = YES;
				SDKROOT = iphoneos;
				TARGETED_DEVICE_FAMILY = "1,2";
			};
			name = Debug;
		};
		E94C8AE81AB44BEC00603DFB /* Release */ = {
			isa = XCBuildConfiguration;
			buildSettings = {
				ALWAYS_SEARCH_USER_PATHS = NO;
				CLANG_CXX_LANGUAGE_STANDARD = "gnu++0x";
				CLANG_CXX_LIBRARY = "libc++";
				CLANG_ENABLE_MODULES = YES;
				CLANG_ENABLE_OBJC_ARC = YES;
				CLANG_WARN_BOOL_CONVERSION = YES;
				CLANG_WARN_CONSTANT_CONVERSION = YES;
				CLANG_WARN_DIRECT_OBJC_ISA_USAGE = YES_ERROR;
				CLANG_WARN_EMPTY_BODY = YES;
				CLANG_WARN_ENUM_CONVERSION = YES;
				CLANG_WARN_INT_CONVERSION = YES;
				CLANG_WARN_OBJC_ROOT_CLASS = YES_ERROR;
				CLANG_WARN_UNREACHABLE_CODE = YES;
				CLANG_WARN__DUPLICATE_METHOD_MATCH = YES;
				"CODE_SIGN_IDENTITY[sdk=iphoneos*]" = "iPhone Developer";
				COPY_PHASE_STRIP = YES;
				ENABLE_NS_ASSERTIONS = NO;
				ENABLE_STRICT_OBJC_MSGSEND = YES;
				GCC_C_LANGUAGE_STANDARD = gnu99;
				GCC_WARN_64_TO_32_BIT_CONVERSION = YES;
				GCC_WARN_ABOUT_RETURN_TYPE = YES_ERROR;
				GCC_WARN_UNDECLARED_SELECTOR = YES;
				GCC_WARN_UNINITIALIZED_AUTOS = YES_AGGRESSIVE;
				GCC_WARN_UNUSED_FUNCTION = YES;
				GCC_WARN_UNUSED_VARIABLE = YES;
				IPHONEOS_DEPLOYMENT_TARGET = 8.1;
				MTL_ENABLE_DEBUG_INFO = NO;
				SDKROOT = iphoneos;
				TARGETED_DEVICE_FAMILY = "1,2";
				VALIDATE_PRODUCT = YES;
			};
			name = Release;
		};
		E94C8AEA1AB44BEC00603DFB /* Debug */ = {
			isa = XCBuildConfiguration;
			buildSettings = {
				ASSETCATALOG_COMPILER_APPICON_NAME = AppIcon;
				INFOPLIST_FILE = FiveTiger/Info.plist;
				LD_RUNPATH_SEARCH_PATHS = "$(inherited) @executable_path/Frameworks";
				PRODUCT_NAME = "$(TARGET_NAME)";
			};
			name = Debug;
		};
		E94C8AEB1AB44BEC00603DFB /* Release */ = {
			isa = XCBuildConfiguration;
			buildSettings = {
				ASSETCATALOG_COMPILER_APPICON_NAME = AppIcon;
				INFOPLIST_FILE = FiveTiger/Info.plist;
				LD_RUNPATH_SEARCH_PATHS = "$(inherited) @executable_path/Frameworks";
				PRODUCT_NAME = "$(TARGET_NAME)";
			};
			name = Release;
		};
		E94C8AED1AB44BEC00603DFB /* Debug */ = {
			isa = XCBuildConfiguration;
			buildSettings = {
				BUNDLE_LOADER = "$(TEST_HOST)";
				FRAMEWORK_SEARCH_PATHS = (
					"$(SDKROOT)/Developer/Library/Frameworks",
					"$(inherited)",
				);
				GCC_PREPROCESSOR_DEFINITIONS = (
					"DEBUG=1",
					"$(inherited)",
				);
				INFOPLIST_FILE = FiveTigerTests/Info.plist;
				LD_RUNPATH_SEARCH_PATHS = "$(inherited) @executable_path/Frameworks @loader_path/Frameworks";
				PRODUCT_NAME = "$(TARGET_NAME)";
				TEST_HOST = "$(BUILT_PRODUCTS_DIR)/FiveTiger.app/FiveTiger";
			};
			name = Debug;
		};
		E94C8AEE1AB44BEC00603DFB /* Release */ = {
			isa = XCBuildConfiguration;
			buildSettings = {
				BUNDLE_LOADER = "$(TEST_HOST)";
				FRAMEWORK_SEARCH_PATHS = (
					"$(SDKROOT)/Developer/Library/Frameworks",
					"$(inherited)",
				);
				INFOPLIST_FILE = FiveTigerTests/Info.plist;
				LD_RUNPATH_SEARCH_PATHS = "$(inherited) @executable_path/Frameworks @loader_path/Frameworks";
				PRODUCT_NAME = "$(TARGET_NAME)";
				TEST_HOST = "$(BUILT_PRODUCTS_DIR)/FiveTiger.app/FiveTiger";
			};
			name = Release;
		};
/* End XCBuildConfiguration section */

/* Begin XCConfigurationList section */
		E94C8AC11AB44BEC00603DFB /* Build configuration list for PBXProject "FiveTiger" */ = {
			isa = XCConfigurationList;
			buildConfigurations = (
				E94C8AE71AB44BEC00603DFB /* Debug */,
				E94C8AE81AB44BEC00603DFB /* Release */,
			);
			defaultConfigurationIsVisible = 0;
			defaultConfigurationName = Release;
		};
		E94C8AE91AB44BEC00603DFB /* Build configuration list for PBXNativeTarget "FiveTiger" */ = {
			isa = XCConfigurationList;
			buildConfigurations = (
				E94C8AEA1AB44BEC00603DFB /* Debug */,
				E94C8AEB1AB44BEC00603DFB /* Release */,
			);
			defaultConfigurationIsVisible = 0;
		};
		E94C8AEC1AB44BEC00603DFB /* Build configuration list for PBXNativeTarget "FiveTigerTests" */ = {
			isa = XCConfigurationList;
			buildConfigurations = (
				E94C8AED1AB44BEC00603DFB /* Debug */,
				E94C8AEE1AB44BEC00603DFB /* Release */,
			);
			defaultConfigurationIsVisible = 0;
		};
/* End XCConfigurationList section */
	};
	rootObject = E94C8ABE1AB44BEC00603DFB /* Project object */;
}
